
Microsoft Visual Studio Solution File, Format Version 12.00
# Visual Studio 15
Project("{FAE04EC0-301F-11D3-BF4B-00C04F79EFBC}") = "Assembly-CSharp", "Assembly-CSharp.csproj", "{876C89E8-3DE6-FE5F-7497-1EDBBE7C0BEE}"
EndProject
Project("{FAE04EC0-301F-11D3-BF4B-00C04F79EFBC}") = "Assembly-CSharp-Editor", "Assembly-CSharp-Editor.csproj", "{DEF1A029-4833-15BC-6AC6-9E4D9AB688D1}"
EndProject
Global
	GlobalSection(SolutionConfigurationPlatforms) = preSolution
		Debug|Any CPU = Debug|Any CPU
		Release|Any CPU = Release|Any CPU
	EndGlobalSection
	GlobalSection(ProjectConfigurationPlatforms) = postSolution
		{876C89E8-3DE6-FE5F-7497-1EDBBE7C0BEE}.Debug|Any CPU.ActiveCfg = Debug|Any CPU
		{876C89E8-3DE6-FE5F-7497-1EDBBE7C0BEE}.Debug|Any CPU.Build.0 = Debug|Any CPU
		{876C89E8-3DE6-FE5F-7497-1EDBBE7C0BEE}.Release|Any CPU.ActiveCfg = Release|Any CPU
		{876C89E8-3DE6-FE5F-7497-1EDBBE7C0BEE}.Release|Any CPU.Build.0 = Release|Any CPU
		{DEF1A029-4833-15BC-6AC6-9E4D9AB688D1}.Debug|Any CPU.ActiveCfg = Debug|Any CPU
		{DEF1A029-4833-15BC-6AC6-9E4D9AB688D1}.Debug|Any CPU.Build.0 = Debug|Any CPU
		{DEF1A029-4833-15BC-6AC6-9E4D9AB688D1}.Release|Any CPU.ActiveCfg = Release|Any CPU
		{DEF1A029-4833-15BC-6AC6-9E4D9AB688D1}.Release|Any CPU.Build.0 = Release|Any CPU
	EndGlobalSection
	GlobalSection(SolutionProperties) = preSolution
		HideSolutionNode = FALSE
	EndGlobalSection
EndGlobal
